// !$*UTF8*$!
{
	archiveVersion = 1;
	classes = {
	};
	objectVersion = 56;
	objects = {

/* Begin PBXBuildFile section */
		1D2007CB398AB0FE19C32E67 /* Pods_alif_ios_problem.framework in Frameworks */ = {isa = PBXBuildFile; fileRef = 1D55BCD3354797F34270C157 /* Pods_alif_ios_problem.framework */; };
		D3FBF33F2923951A0079628C /* AppDelegate.swift in Sources */ = {isa = PBXBuildFile; fileRef = D3FBF33E2923951A0079628C /* AppDelegate.swift */; };
		D3FBF3412923951A0079628C /* SceneDelegate.swift in Sources */ = {isa = PBXBuildFile; fileRef = D3FBF3402923951A0079628C /* SceneDelegate.swift */; };
		D3FBF3432923951A0079628C /* ViewController.swift in Sources */ = {isa = PBXBuildFile; fileRef = D3FBF3422923951A0079628C /* ViewController.swift */; };
		D3FBF3482923951B0079628C /* Assets.xcassets in Resources */ = {isa = PBXBuildFile; fileRef = D3FBF3472923951B0079628C /* Assets.xcassets */; };
		D3FBF34B2923951B0079628C /* LaunchScreen.storyboard in Resources */ = {isa = PBXBuildFile; fileRef = D3FBF3492923951B0079628C /* LaunchScreen.storyboard */; };
/* End PBXBuildFile section */

/* Begin PBXFileReference section */
		1D55BCD3354797F34270C157 /* Pods_alif_ios_problem.framework */ = {isa = PBXFileReference; explicitFileType = wrapper.framework; includeInIndex = 0; path = Pods_alif_ios_problem.framework; sourceTree = BUILT_PRODUCTS_DIR; };
		3ABF21AA3602F39764CC0DD3 /* Pods-alif-ios-problem.release.xcconfig */ = {isa = PBXFileReference; includeInIndex = 1; lastKnownFileType = text.xcconfig; name = "Pods-alif-ios-problem.release.xcconfig"; path = "Target Support Files/Pods-alif-ios-problem/Pods-alif-ios-problem.release.xcconfig"; sourceTree = "<group>"; };
		43DAD904F6518D2C3DA0E320 /* Pods-alif-ios-problem.debug.xcconfig */ = {isa = PBXFileReference; includeInIndex = 1; lastKnownFileType = text.xcconfig; name = "Pods-alif-ios-problem.debug.xcconfig"; path = "Target Support Files/Pods-alif-ios-problem/Pods-alif-ios-problem.debug.xcconfig"; sourceTree = "<group>"; };
		D3FBF33B2923951A0079628C /* alif-ios-problem.app */ = {isa = PBXFileReference; explicitFileType = wrapper.application; includeInIndex = 0; path = "alif-ios-problem.app"; sourceTree = BUILT_PRODUCTS_DIR; };
		D3FBF33E2923951A0079628C /* AppDelegate.swift */ = {isa = PBXFileReference; lastKnownFileType = sourcecode.swift; path = AppDelegate.swift; sourceTree = "<group>"; };
		D3FBF3402923951A0079628C /* SceneDelegate.swift */ = {isa = PBXFileReference; lastKnownFileType = sourcecode.swift; path = SceneDelegate.swift; sourceTree = "<group>"; };
		D3FBF3422923951A0079628C /* ViewController.swift */ = {isa = PBXFileReference; lastKnownFileType = sourcecode.swift; path = ViewController.swift; sourceTree = "<group>"; };
		D3FBF3472923951B0079628C /* Assets.xcassets */ = {isa = PBXFileReference; lastKnownFileType = folder.assetcatalog; path = Assets.xcassets; sourceTree = "<group>"; };
		D3FBF34A2923951B0079628C /* Base */ = {isa = PBXFileReference; lastKnownFileType = file.storyboard; name = Base; path = Base.lproj/LaunchScreen.storyboard; sourceTree = "<group>"; };
		D3FBF34C2923951B0079628C /* Info.plist */ = {isa = PBXFileReference; lastKnownFileType = text.plist.xml; path = Info.plist; sourceTree = "<group>"; };
/* End PBXFileReference section */

/* Begin PBXFrameworksBuildPhase section */
		D3FBF3382923951A0079628C /* Frameworks */ = {
			isa = PBXFrameworksBuildPhase;
			buildActionMask = 2147483647;
			files = (
				1D2007CB398AB0FE19C32E67 /* Pods_alif_ios_problem.framework in Frameworks */,
			);
			runOnlyForDeploymentPostprocessing = 0;
		};
/* End PBXFrameworksBuildPhase section */

/* Begin PBXGroup section */
		5E7654FD3767404C9160ACF7 /* Pods */ = {
			isa = PBXGroup;
			children = (
				43DAD904F6518D2C3DA0E320 /* Pods-alif-ios-problem.debug.xcconfig */,
				3ABF21AA3602F39764CC0DD3 /* Pods-alif-ios-problem.release.xcconfig */,
			);
			path = Pods;
			sourceTree = "<group>";
		};
		B5D1A599B3FFFF920A51867C /* Frameworks */ = {
			isa = PBXGroup;
			children = (
				1D55BCD3354797F34270C157 /* Pods_alif_ios_problem.framework */,
			);
			name = Frameworks;
			sourceTree = "<group>";
		};
		D3FBF3322923951A0079628C = {
			isa = PBXGroup;
			children = (
				D3FBF33D2923951A0079628C /* alif-ios-problem */,
				D3FBF33C2923951A0079628C /* Products */,
				5E7654FD3767404C9160ACF7 /* Pods */,
				B5D1A599B3FFFF920A51867C /* Frameworks */,
			);
			sourceTree = "<group>";
		};
		D3FBF33C2923951A0079628C /* Products */ = {
			isa = PBXGroup;
			children = (
				D3FBF33B2923951A0079628C /* alif-ios-problem.app */,
			);
			name = Products;
			sourceTree = "<group>";
		};
		D3FBF33D2923951A0079628C /* alif-ios-problem */ = {
			isa = PBXGroup;
			children = (
				D3FBF33E2923951A0079628C /* AppDelegate.swift */,
				D3FBF3402923951A0079628C /* SceneDelegate.swift */,
				D3FBF3422923951A0079628C /* ViewController.swift */,
				D3FBF3472923951B0079628C /* Assets.xcassets */,
				D3FBF3492923951B0079628C /* LaunchScreen.storyboard */,
				D3FBF34C2923951B0079628C /* Info.plist */,
			);
			path = "alif-ios-problem";
			sourceTree = "<group>";
		};
/* End PBXGroup section */

/* Begin PBXNativeTarget section */
		D3FBF33A2923951A0079628C /* alif-ios-problem */ = {
			isa = PBXNativeTarget;
			buildConfigurationList = D3FBF34F2923951B0079628C /* Build configuration list for PBXNativeTarget "alif-ios-problem" */;
			buildPhases = (
				FC2B90994B1CF1A5A01DB464 /* [CP] Check Pods Manifest.lock */,
				D3FBF3372923951A0079628C /* Sources */,
				D3FBF3382923951A0079628C /* Frameworks */,
				D3FBF3392923951A0079628C /* Resources */,
				03AFEFDB6B7230328CD19994 /* [CP] Embed Pods Frameworks */,
			);
			buildRules = (
			);
			dependencies = (
			);
			name = "alif-ios-problem";
			productName = "alif-ios-problem";
			productReference = D3FBF33B2923951A0079628C /* alif-ios-problem.app */;
			productType = "com.apple.product-type.application";
		};
/* End PBXNativeTarget section */

/* Begin PBXProject section */
		D3FBF3332923951A0079628C /* Project object */ = {
			isa = PBXProject;
			attributes = {
				BuildIndependentTargetsInParallel = 1;
				LastSwiftUpdateCheck = 1410;
				LastUpgradeCheck = 1410;
				TargetAttributes = {
					D3FBF33A2923951A0079628C = {
						CreatedOnToolsVersion = 14.1;
					};
				};
			};
			buildConfigurationList = D3FBF3362923951A0079628C /* Build configuration list for PBXProject "alif-ios-problem" */;
			compatibilityVersion = "Xcode 14.0";
			developmentRegion = en;
			hasScannedForEncodings = 0;
			knownRegions = (
				en,
				Base,
			);
			mainGroup = D3FBF3322923951A0079628C;
			productRefGroup = D3FBF33C2923951A0079628C /* Products */;
			projectDirPath = "";
			projectRoot = "";
			targets = (
				D3FBF33A2923951A0079628C /* alif-ios-problem */,
			);
		};
/* End PBXProject section */

/* Begin PBXResourcesBuildPhase section */
		D3FBF3392923951A0079628C /* Resources */ = {
			isa = PBXResourcesBuildPhase;
			buildActionMask = 2147483647;
			files = (
				D3FBF34B2923951B0079628C /* LaunchScreen.storyboard in Resources */,
				D3FBF3482923951B0079628C /* Assets.xcassets in Resources */,
			);
			runOnlyForDeploymentPostprocessing = 0;
		};
/* End PBXResourcesBuildPhase section */

/* Begin PBXShellScriptBuildPhase section */
		03AFEFDB6B7230328CD19994 /* [CP] Embed Pods Frameworks */ = {
			isa = PBXShellScriptBuildPhase;
			buildActionMask = 2147483647;
			files = (
			);
			inputFileListPaths = (
				"${PODS_ROOT}/Target Support Files/Pods-alif-ios-problem/Pods-alif-ios-problem-frameworks-${CONFIGURATION}-input-files.xcfilelist",
			);
			name = "[CP] Embed Pods Frameworks";
			outputFileListPaths = (
				"${PODS_ROOT}/Target Support Files/Pods-alif-ios-problem/Pods-alif-ios-problem-frameworks-${CONFIGURATION}-output-files.xcfilelist",
			);
			runOnlyForDeploymentPostprocessing = 0;
			shellPath = /bin/sh;
			shellScript = "\"${PODS_ROOT}/Target Support Files/Pods-alif-ios-problem/Pods-alif-ios-problem-frameworks.sh\"\n";
			showEnvVarsInLog = 0;
		};
		FC2B90994B1CF1A5A01DB464 /* [CP] Check Pods Manifest.lock */ = {
			isa = PBXShellScriptBuildPhase;
			buildActionMask = 2147483647;
			files = (
			);
			inputFileListPaths = (
			);
			inputPaths = (
				"${PODS_PODFILE_DIR_PATH}/Podfile.lock",
				"${PODS_ROOT}/Manifest.lock",
			);
			name = "[CP] Check Pods Manifest.lock";
			outputFileListPaths = (
			);
			outputPaths = (
				"$(DERIVED_FILE_DIR)/Pods-alif-ios-problem-checkManifestLockResult.txt",
			);
			runOnlyForDeploymentPostprocessing = 0;
			shellPath = /bin/sh;
			shellScript = "diff \"${PODS_PODFILE_DIR_PATH}/Podfile.lock\" \"${PODS_ROOT}/Manifest.lock\" > /dev/null\nif [ $? != 0 ] ; then\n    # print error to STDERR\n    echo \"error: The sandbox is not in sync with the Podfile.lock. Run 'pod install' or update your CocoaPods installation.\" >&2\n    exit 1\nfi\n# This output is used by Xcode 'outputs' to avoid re-running this script phase.\necho \"SUCCESS\" > \"${SCRIPT_OUTPUT_FILE_0}\"\n";
			showEnvVarsInLog = 0;
		};
/* End PBXShellScriptBuildPhase section */

/* Begin PBXSourcesBuildPhase section */
		D3FBF3372923951A0079628C /* Sources */ = {
			isa = PBXSourcesBuildPhase;
			buildActionMask = 2147483647;
			files = (
				D3FBF3432923951A0079628C /* ViewController.swift in Sources */,
				D3FBF33F2923951A0079628C /* AppDelegate.swift in Sources */,
				D3FBF3412923951A0079628C /* SceneDelegate.swift in Sources */,
			);
			runOnlyForDeploymentPostprocessing = 0;
		};
/* End PBXSourcesBuildPhase section */

/* Begin PBXVariantGroup section */
		D3FBF3492923951B0079628C /* LaunchScreen.storyboard */ = {
			isa = PBXVariantGroup;
			children = (
				D3FBF34A2923951B0079628C /* Base */,
			);
			name = LaunchScreen.storyboard;
			sourceTree = "<group>";
		};
/* End PBXVariantGroup section */

/* Begin XCBuildConfiguration section */
		D3FBF34D2923951B0079628C /* Debug */ = {
			isa = XCBuildConfiguration;
			buildSettings = {
				ALWAYS_SEARCH_USER_PATHS = NO;
				CLANG_ANALYZER_NONNULL = YES;
				CLANG_ANALYZER_NUMBER_OBJECT_CONVERSION = YES_AGGRESSIVE;
				CLANG_CXX_LANGUAGE_STANDARD = "gnu++20";
				CLANG_ENABLE_MODULES = YES;
				CLANG_ENABLE_OBJC_ARC = YES;
				CLANG_ENABLE_OBJC_WEAK = YES;
				CLANG_WARN_BLOCK_CAPTURE_AUTORELEASING = YES;
				CLANG_WARN_BOOL_CONVERSION = YES;
				CLANG_WARN_COMMA = YES;
				CLANG_WARN_CONSTANT_CONVERSION = YES;
				CLANG_WARN_DEPRECATED_OBJC_IMPLEMENTATIONS = YES;
				CLANG_WARN_DIRECT_OBJC_ISA_USAGE = YES_ERROR;
				CLANG_WARN_DOCUMENTATION_COMMENTS = YES;
				CLANG_WARN_EMPTY_BODY = YES;
				CLANG_WARN_ENUM_CONVERSION = YES;
				CLANG_WARN_INFINITE_RECURSION = YES;
				CLANG_WARN_INT_CONVERSION = YES;
				CLANG_WARN_NON_LITERAL_NULL_CONVERSION = YES;
				CLANG_WARN_OBJC_IMPLICIT_RETAIN_SELF = YES;
				CLANG_WARN_OBJC_LITERAL_CONVERSION = YES;
				CLANG_WARN_OBJC_ROOT_CLASS = YES_ERROR;
				CLANG_WARN_QUOTED_INCLUDE_IN_FRAMEWORK_HEADER = YES;
				CLANG_WARN_RANGE_LOOP_ANALYSIS = YES;
				CLANG_WARN_STRICT_PROTOTYPES = YES;
				CLANG_WARN_SUSPICIOUS_MOVE = YES;
				CLANG_WARN_UNGUARDED_AVAILABILITY = YES_AGGRESSIVE;
				CLANG_WARN_UNREACHABLE_CODE = YES;
				CLANG_WARN__DUPLICATE_METHOD_MATCH = YES;
				COPY_PHASE_STRIP = NO;
				DEBUG_INFORMATION_FORMAT = dwarf;
				ENABLE_STRICT_OBJC_MSGSEND = YES;
				ENABLE_TESTABILITY = YES;
				GCC_C_LANGUAGE_STANDARD = gnu11;
				GCC_DYNAMIC_NO_PIC = NO;
				GCC_NO_COMMON_BLOCKS = YES;
				GCC_OPTIMIZATION_LEVEL = 0;
				GCC_PREPROCESSOR_DEFINITIONS = (
					"DEBUG=1",
					"$(inherited)",
				);
				GCC_WARN_64_TO_32_BIT_CONVERSION = YES;
				GCC_WARN_ABOUT_RETURN_TYPE = YES_ERROR;
				GCC_WARN_UNDECLARED_SELECTOR = YES;
				GCC_WARN_UNINITIALIZED_AUTOS = YES_AGGRESSIVE;
				GCC_WARN_UNUSED_FUNCTION = YES;
				GCC_WARN_UNUSED_VARIABLE = YES;
				IPHONEOS_DEPLOYMENT_TARGET = 16.1;
				MTL_ENABLE_DEBUG_INFO = INCLUDE_SOURCE;
				MTL_FAST_MATH = YES;
				ONLY_ACTIVE_ARCH = YES;
				SDKROOT = iphoneos;
				SWIFT_ACTIVE_COMPILATION_CONDITIONS = DEBUG;
				SWIFT_OPTIMIZATION_LEVEL = "-Onone";
			};
			name = Debug;
		};
		D3FBF34E2923951B0079628C /* Release */ = {
			isa = XCBuildConfiguration;
			buildSettings = {
				ALWAYS_SEARCH_USER_PATHS = NO;
				CLANG_ANALYZER_NONNULL = YES;
				CLANG_ANALYZER_NUMBER_OBJECT_CONVERSION = YES_AGGRESSIVE;
				CLANG_CXX_LANGUAGE_STANDARD = "gnu++20";
				CLANG_ENABLE_MODULES = YES;
				CLANG_ENABLE_OBJC_ARC = YES;
				CLANG_ENABLE_OBJC_WEAK = YES;
				CLANG_WARN_BLOCK_CAPTURE_AUTORELEASING = YES;
				CLANG_WARN_BOOL_CONVERSION = YES;
				CLANG_WARN_COMMA = YES;
				CLANG_WARN_CONSTANT_CONVERSION = YES;
				CLANG_WARN_DEPRECATED_OBJC_IMPLEMENTATIONS = YES;
				CLANG_WARN_DIRECT_OBJC_ISA_USAGE = YES_ERROR;
				CLANG_WARN_DOCUMENTATION_COMMENTS = YES;
				CLANG_WARN_EMPTY_BODY = YES;
				CLANG_WARN_ENUM_CONVERSION = YES;
				CLANG_WARN_INFINITE_RECURSION = YES;
				CLANG_WARN_INT_CONVERSION = YES;
				CLANG_WARN_NON_LITERAL_NULL_CONVERSION = YES;
				CLANG_WARN_OBJC_IMPLICIT_RETAIN_SELF = YES;
				CLANG_WARN_OBJC_LITERAL_CONVERSION = YES;
				CLANG_WARN_OBJC_ROOT_CLASS = YES_ERROR;
				CLANG_WARN_QUOTED_INCLUDE_IN_FRAMEWORK_HEADER = YES;
				CLANG_WARN_RANGE_LOOP_ANALYSIS = YES;
				CLANG_WARN_STRICT_PROTOTYPES = YES;
				CLANG_WARN_SUSPICIOUS_MOVE = YES;
				CLANG_WARN_UNGUARDED_AVAILABILITY = YES_AGGRESSIVE;
				CLANG_WARN_UNREACHABLE_CODE = YES;
				CLANG_WARN__DUPLICATE_METHOD_MATCH = YES;
				COPY_PHASE_STRIP = NO;
				DEBUG_INFORMATION_FORMAT = "dwarf-with-dsym";
				ENABLE_NS_ASSERTIONS = NO;
				ENABLE_STRICT_OBJC_MSGSEND = YES;
				GCC_C_LANGUAGE_STANDARD = gnu11;
				GCC_NO_COMMON_BLOCKS = YES;
				GCC_WARN_64_TO_32_BIT_CONVERSION = YES;
				GCC_WARN_ABOUT_RETURN_TYPE = YES_ERROR;
				GCC_WARN_UNDECLARED_SELECTOR = YES;
				GCC_WARN_UNINITIALIZED_AUTOS = YES_AGGRESSIVE;
				GCC_WARN_UNUSED_FUNCTION = YES;
				GCC_WARN_UNUSED_VARIABLE = YES;
				IPHONEOS_DEPLOYMENT_TARGET = 16.1;
				MTL_ENABLE_DEBUG_INFO = NO;
				MTL_FAST_MATH = YES;
				SDKROOT = iphoneos;
				SWIFT_COMPILATION_MODE = wholemodule;
				SWIFT_OPTIMIZATION_LEVEL = "-O";
				VALIDATE_PRODUCT = YES;
			};
			name = Release;
		};
		D3FBF3502923951B0079628C /* Debug */ = {
			isa = XCBuildConfiguration;
			baseConfigurationReference = 43DAD904F6518D2C3DA0E320 /* Pods-alif-ios-problem.debug.xcconfig */;
			buildSettings = {
				ASSETCATALOG_COMPILER_APPICON_NAME = AppIcon;
				ASSETCATALOG_COMPILER_GLOBAL_ACCENT_COLOR_NAME = AccentColor;
				CODE_SIGN_STYLE = Automatic;
				CURRENT_PROJECT_VERSION = 1;
				DEVELOPMENT_TEAM = 95X368593A;
				GENERATE_INFOPLIST_FILE = YES;
				INFOPLIST_FILE = "alif-ios-problem/Info.plist";
				INFOPLIST_KEY_UIApplicationSupportsIndirectInputEvents = YES;
				INFOPLIST_KEY_UILaunchStoryboardName = LaunchScreen;
				INFOPLIST_KEY_UISupportedInterfaceOrientations_iPad = "UIInterfaceOrientationPortrait UIInterfaceOrientationPortraitUpsideDown UIInterfaceOrientationLandscapeLeft UIInterfaceOrientationLandscapeRight";
				INFOPLIST_KEY_UISupportedInterfaceOrientations_iPhone = "UIInterfaceOrientationPortrait UIInterfaceOrientationLandscapeLeft UIInterfaceOrientationLandscapeRight";
				IPHONEOS_DEPLOYMENT_TARGET = 13.0;
				LD_RUNPATH_SEARCH_PATHS = (
					"$(inherited)",
					"@executable_path/Frameworks",
				);
				MARKETING_VERSION = 1.0;
				PRODUCT_BUNDLE_IDENTIFIER = "com.test.alif-ios-problem";
				PRODUCT_NAME = "$(TARGET_NAME)";
				SWIFT_EMIT_LOC_STRINGS = YES;
				SWIFT_VERSION = 5.0;
				TARGETED_DEVICE_FAMILY = "1,2";
			};
			name = Debug;
		};
		D3FBF3512923951B0079628C /* Release */ = {
			isa = XCBuildConfiguration;
			baseConfigurationReference = 3ABF21AA3602F39764CC0DD3 /* Pods-alif-ios-problem.release.xcconfig */;
			buildSettings = {
				ASSETCATALOG_COMPILER_APPICON_NAME = AppIcon;
				ASSETCATALOG_COMPILER_GLOBAL_ACCENT_COLOR_NAME = AccentColor;
				CODE_SIGN_STYLE = Automatic;
				CURRENT_PROJECT_VERSION = 1;
				DEVELOPMENT_TEAM = 95X368593A;
				GENERATE_INFOPLIST_FILE = YES;
				INFOPLIST_FILE = "alif-ios-problem/Info.plist";
				INFOPLIST_KEY_UIApplicationSupportsIndirectInputEvents = YES;
				INFOPLIST_KEY_UILaunchStoryboardName = LaunchScreen;
				INFOPLIST_KEY_UISupportedInterfaceOrientations_iPad = "UIInterfaceOrientationPortrait UIInterfaceOrientationPortraitUpsideDown UIInterfaceOrientationLandscapeLeft UIInterfaceOrientationLandscapeRight";
				INFOPLIST_KEY_UISupportedInterfaceOrientations_iPhone = "UIInterfaceOrientationPortrait UIInterfaceOrientationLandscapeLeft UIInterfaceOrientationLandscapeRight";
				IPHONEOS_DEPLOYMENT_TARGET = 13.0;
				LD_RUNPATH_SEARCH_PATHS = (
					"$(inherited)",
					"@executable_path/Frameworks",
				);
				MARKETING_VERSION = 1.0;
				PRODUCT_BUNDLE_IDENTIFIER = "com.test.alif-ios-problem";
				PRODUCT_NAME = "$(TARGET_NAME)";
				SWIFT_EMIT_LOC_STRINGS = YES;
				SWIFT_VERSION = 5.0;
				TARGETED_DEVICE_FAMILY = "1,2";
			};
			name = Release;
		};
/* End XCBuildConfiguration section */

/* Begin XCConfigurationList section */
		D3FBF3362923951A0079628C /* Build configuration list for PBXProject "alif-ios-problem" */ = {
			isa = XCConfigurationList;
			buildConfigurations = (
				D3FBF34D2923951B0079628C /* Debug */,
				D3FBF34E2923951B0079628C /* Release */,
			);
			defaultConfigurationIsVisible = 0;
			defaultConfigurationName = Release;
		};
		D3FBF34F2923951B0079628C /* Build configuration list for PBXNativeTarget "alif-ios-problem" */ = {
			isa = XCConfigurationList;
			buildConfigurations = (
				D3FBF3502923951B0079628C /* Debug */,
				D3FBF3512923951B0079628C /* Release */,
			);
			defaultConfigurationIsVisible = 0;
			defaultConfigurationName = Release;
		};
/* End XCConfigurationList section */
	};
	rootObject = D3FBF3332923951A0079628C /* Project object */;
}
